
Microsoft Visual Studio Solution File, Format Version 12.00
# Visual Studio Version 17
VisualStudioVersion = 17.13.35828.75 d17.13
MinimumVisualStudioVersion = 10.0.40219.1
Project("{FAE04EC0-301F-11D3-BF4B-00C04F79EFBC}") = "Teste_Desenvolvimento", "Teste_Desenvolvimento\Teste_Desenvolvimento.csproj", "{65702A67-71A7-4FD4-A106-6EFCB99E079C}"
EndProject
Global
	GlobalSection(SolutionConfigurationPlatforms) = preSolution
		Debug|Any CPU = Debug|Any CPU
		Release|Any CPU = Release|Any CPU
	EndGlobalSection
	GlobalSection(ProjectConfigurationPlatforms) = postSolution
		{65702A67-71A7-4FD4-A106-6EFCB99E079C}.Debug|Any CPU.ActiveCfg = Debug|Any CPU
		{65702A67-71A7-4FD4-A106-6EFCB99E079C}.Debug|Any CPU.Build.0 = Debug|Any CPU
		{65702A67-71A7-4FD4-A106-6EFCB99E079C}.Release|Any CPU.ActiveCfg = Release|Any CPU
		{65702A67-71A7-4FD4-A106-6EFCB99E079C}.Release|Any CPU.Build.0 = Release|Any CPU
	EndGlobalSection
	GlobalSection(SolutionProperties) = preSolution
		HideSolutionNode = FALSE
	EndGlobalSection
	GlobalSection(ExtensibilityGlobals) = postSolution
		SolutionGuid = {A35B48FF-F286-418D-93ED-6D59DA247395}
	EndGlobalSection
EndGlobal
